// !$*UTF8*$!
{
	archiveVersion = 1;
	classes = {
	};
	objectVersion = 50;
	objects = {

/* Begin PBXBuildFile section */
		07D14A4A23C906D600AF96D6 /* ActivityCell.swift in Sources */ = {isa = PBXBuildFile; fileRef = 07D14A4923C906D600AF96D6 /* ActivityCell.swift */; };
		07D14A4C23C929DF00AF96D6 /* DisplayActivityViewController.swift in Sources */ = {isa = PBXBuildFile; fileRef = 07D14A4B23C929DF00AF96D6 /* DisplayActivityViewController.swift */; };
		7AC3127723C28A4A00277699 /* Rubik-Bold.ttf in Resources */ = {isa = PBXBuildFile; fileRef = 7AC3127523C28A4A00277699 /* Rubik-Bold.ttf */; };
		7AC3127823C28A4A00277699 /* Rubik-BoldItalic.ttf in Resources */ = {isa = PBXBuildFile; fileRef = 7AC3127623C28A4A00277699 /* Rubik-BoldItalic.ttf */; };
		7AC3127B23C28A5500277699 /* Rubik-Italic.ttf in Resources */ = {isa = PBXBuildFile; fileRef = 7AC3127923C28A5500277699 /* Rubik-Italic.ttf */; };
		7AC3127C23C28A5500277699 /* Rubik-Regular.ttf in Resources */ = {isa = PBXBuildFile; fileRef = 7AC3127A23C28A5500277699 /* Rubik-Regular.ttf */; };
		7AC3127E23C2B6DF00277699 /* JournalViewController.swift in Sources */ = {isa = PBXBuildFile; fileRef = 7AC3127D23C2B6DF00277699 /* JournalViewController.swift */; };
		7AC3128323C2E40400277699 /* ActivitiesViewController.swift in Sources */ = {isa = PBXBuildFile; fileRef = 7AC3128123C2E40400277699 /* ActivitiesViewController.swift */; };
		7AC3128423C2E40400277699 /* ActivitiesViewController.xib in Resources */ = {isa = PBXBuildFile; fileRef = 7AC3128223C2E40400277699 /* ActivitiesViewController.xib */; };
		7AD08C7E23C2480C008C6EAD /* AppDelegate.swift in Sources */ = {isa = PBXBuildFile; fileRef = 7AD08C7D23C2480C008C6EAD /* AppDelegate.swift */; };
		7AD08C8023C2480C008C6EAD /* SceneDelegate.swift in Sources */ = {isa = PBXBuildFile; fileRef = 7AD08C7F23C2480C008C6EAD /* SceneDelegate.swift */; };
		7AD08C8723C2480C008C6EAD /* Main.storyboard in Resources */ = {isa = PBXBuildFile; fileRef = 7AD08C8523C2480C008C6EAD /* Main.storyboard */; };
		7AD08C8A23C2480C008C6EAD /* Forget_Me_Not.xcdatamodeld in Sources */ = {isa = PBXBuildFile; fileRef = 7AD08C8823C2480C008C6EAD /* Forget_Me_Not.xcdatamodeld */; };
		7AD08C8C23C24811008C6EAD /* Assets.xcassets in Resources */ = {isa = PBXBuildFile; fileRef = 7AD08C8B23C24811008C6EAD /* Assets.xcassets */; };
		7AD08C8F23C24811008C6EAD /* LaunchScreen.storyboard in Resources */ = {isa = PBXBuildFile; fileRef = 7AD08C8D23C24811008C6EAD /* LaunchScreen.storyboard */; };
		7AD08C9A23C24811008C6EAD /* Forget_Me_NotUITests.swift in Sources */ = {isa = PBXBuildFile; fileRef = 7AD08C9923C24811008C6EAD /* Forget_Me_NotUITests.swift */; };
		7AD08CA523C24A08008C6EAD /* DashboardViewController.swift in Sources */ = {isa = PBXBuildFile; fileRef = 7AD08CA423C24A08008C6EAD /* DashboardViewController.swift */; };
/* End PBXBuildFile section */

/* Begin PBXContainerItemProxy section */
		7AD08C9623C24811008C6EAD /* PBXContainerItemProxy */ = {
			isa = PBXContainerItemProxy;
			containerPortal = 7AD08C7223C2480C008C6EAD /* Project object */;
			proxyType = 1;
			remoteGlobalIDString = 7AD08C7923C2480C008C6EAD;
			remoteInfo = "Forget-Me-Not";
		};
/* End PBXContainerItemProxy section */

/* Begin PBXFileReference section */
		07D14A4923C906D600AF96D6 /* ActivityCell.swift */ = {isa = PBXFileReference; lastKnownFileType = sourcecode.swift; name = ActivityCell.swift; path = "Forget-Me-Not/Activities/ActivityCell.swift"; sourceTree = SOURCE_ROOT; };
		07D14A4B23C929DF00AF96D6 /* DisplayActivityViewController.swift */ = {isa = PBXFileReference; lastKnownFileType = sourcecode.swift; name = DisplayActivityViewController.swift; path = "Forget-Me-Not/Activities/DisplayActivityViewController.swift"; sourceTree = SOURCE_ROOT; };
		7AC3127523C28A4A00277699 /* Rubik-Bold.ttf */ = {isa = PBXFileReference; lastKnownFileType = file; path = "Rubik-Bold.ttf"; sourceTree = "<group>"; };
		7AC3127623C28A4A00277699 /* Rubik-BoldItalic.ttf */ = {isa = PBXFileReference; lastKnownFileType = file; path = "Rubik-BoldItalic.ttf"; sourceTree = "<group>"; };
		7AC3127923C28A5500277699 /* Rubik-Italic.ttf */ = {isa = PBXFileReference; lastKnownFileType = file; path = "Rubik-Italic.ttf"; sourceTree = "<group>"; };
		7AC3127A23C28A5500277699 /* Rubik-Regular.ttf */ = {isa = PBXFileReference; lastKnownFileType = file; path = "Rubik-Regular.ttf"; sourceTree = "<group>"; };
		7AC3127D23C2B6DF00277699 /* JournalViewController.swift */ = {isa = PBXFileReference; lastKnownFileType = sourcecode.swift; path = JournalViewController.swift; sourceTree = "<group>"; };
		7AC3128123C2E40400277699 /* ActivitiesViewController.swift */ = {isa = PBXFileReference; lastKnownFileType = sourcecode.swift; path = ActivitiesViewController.swift; sourceTree = "<group>"; };
		7AC3128223C2E40400277699 /* ActivitiesViewController.xib */ = {isa = PBXFileReference; lastKnownFileType = file.xib; path = ActivitiesViewController.xib; sourceTree = "<group>"; };
		7AD08C7A23C2480C008C6EAD /* Forget-Me-Not.app */ = {isa = PBXFileReference; explicitFileType = wrapper.application; includeInIndex = 0; path = "Forget-Me-Not.app"; sourceTree = BUILT_PRODUCTS_DIR; };
		7AD08C7D23C2480C008C6EAD /* AppDelegate.swift */ = {isa = PBXFileReference; lastKnownFileType = sourcecode.swift; path = AppDelegate.swift; sourceTree = "<group>"; };
		7AD08C7F23C2480C008C6EAD /* SceneDelegate.swift */ = {isa = PBXFileReference; lastKnownFileType = sourcecode.swift; path = SceneDelegate.swift; sourceTree = "<group>"; };
		7AD08C8623C2480C008C6EAD /* Base */ = {isa = PBXFileReference; lastKnownFileType = file.storyboard; name = Base; path = Base.lproj/Main.storyboard; sourceTree = "<group>"; };
		7AD08C8923C2480C008C6EAD /* Forget_Me_Not.xcdatamodel */ = {isa = PBXFileReference; lastKnownFileType = wrapper.xcdatamodel; path = Forget_Me_Not.xcdatamodel; sourceTree = "<group>"; };
		7AD08C8B23C24811008C6EAD /* Assets.xcassets */ = {isa = PBXFileReference; lastKnownFileType = folder.assetcatalog; path = Assets.xcassets; sourceTree = "<group>"; };
		7AD08C8E23C24811008C6EAD /* Base */ = {isa = PBXFileReference; lastKnownFileType = file.storyboard; name = Base; path = Base.lproj/LaunchScreen.storyboard; sourceTree = "<group>"; };
		7AD08C9023C24811008C6EAD /* Info.plist */ = {isa = PBXFileReference; lastKnownFileType = text.plist.xml; path = Info.plist; sourceTree = "<group>"; };
		7AD08C9523C24811008C6EAD /* Forget-Me-NotUITests.xctest */ = {isa = PBXFileReference; explicitFileType = wrapper.cfbundle; includeInIndex = 0; path = "Forget-Me-NotUITests.xctest"; sourceTree = BUILT_PRODUCTS_DIR; };
		7AD08C9923C24811008C6EAD /* Forget_Me_NotUITests.swift */ = {isa = PBXFileReference; lastKnownFileType = sourcecode.swift; path = Forget_Me_NotUITests.swift; sourceTree = "<group>"; };
		7AD08C9B23C24811008C6EAD /* Info.plist */ = {isa = PBXFileReference; lastKnownFileType = text.plist.xml; path = Info.plist; sourceTree = "<group>"; };
		7AD08CA423C24A08008C6EAD /* DashboardViewController.swift */ = {isa = PBXFileReference; lastKnownFileType = sourcecode.swift; path = DashboardViewController.swift; sourceTree = "<group>"; };
/* End PBXFileReference section */

/* Begin PBXFrameworksBuildPhase section */
		7AD08C7723C2480C008C6EAD /* Frameworks */ = {
			isa = PBXFrameworksBuildPhase;
			buildActionMask = 2147483647;
			files = (
			);
			runOnlyForDeploymentPostprocessing = 0;
		};
		7AD08C9223C24811008C6EAD /* Frameworks */ = {
			isa = PBXFrameworksBuildPhase;
			buildActionMask = 2147483647;
			files = (
			);
			runOnlyForDeploymentPostprocessing = 0;
		};
/* End PBXFrameworksBuildPhase section */

/* Begin PBXGroup section */
		07D14A4D23C92B4F00AF96D6 /* Activities */ = {
			isa = PBXGroup;
			children = (
				7AC3128123C2E40400277699 /* ActivitiesViewController.swift */,
				7AC3128223C2E40400277699 /* ActivitiesViewController.xib */,
				07D14A4923C906D600AF96D6 /* ActivityCell.swift */,
				07D14A4B23C929DF00AF96D6 /* DisplayActivityViewController.swift */,
			);
			path = Activities;
			sourceTree = "<group>";
		};
		7AC3127423C2898E00277699 /* Fonts */ = {
			isa = PBXGroup;
			children = (
				7AC3127523C28A4A00277699 /* Rubik-Bold.ttf */,
				7AC3127623C28A4A00277699 /* Rubik-BoldItalic.ttf */,
				7AC3127923C28A5500277699 /* Rubik-Italic.ttf */,
				7AC3127A23C28A5500277699 /* Rubik-Regular.ttf */,
			);
			path = Fonts;
			sourceTree = "<group>";
		};
		7AD08C7123C2480C008C6EAD = {
			isa = PBXGroup;
			children = (
				7AD08C7C23C2480C008C6EAD /* Forget-Me-Not */,
				7AD08C9823C24811008C6EAD /* Forget-Me-NotUITests */,
				7AD08C7B23C2480C008C6EAD /* Products */,
			);
			sourceTree = "<group>";
		};
		7AD08C7B23C2480C008C6EAD /* Products */ = {
			isa = PBXGroup;
			children = (
				7AD08C7A23C2480C008C6EAD /* Forget-Me-Not.app */,
				7AD08C9523C24811008C6EAD /* Forget-Me-NotUITests.xctest */,
			);
			name = Products;
			sourceTree = "<group>";
		};
		7AD08C7C23C2480C008C6EAD /* Forget-Me-Not */ = {
			isa = PBXGroup;
			children = (
				7AD08C7D23C2480C008C6EAD /* AppDelegate.swift */,
				7AD08C7F23C2480C008C6EAD /* SceneDelegate.swift */,
				7AD08C8D23C24811008C6EAD /* LaunchScreen.storyboard */,
				7AD08C8523C2480C008C6EAD /* Main.storyboard */,
				7AD08CA423C24A08008C6EAD /* DashboardViewController.swift */,
				7AC3127D23C2B6DF00277699 /* JournalViewController.swift */,
				07D14A4D23C92B4F00AF96D6 /* Activities */,
				7AD08C8B23C24811008C6EAD /* Assets.xcassets */,
				7AD08C9023C24811008C6EAD /* Info.plist */,
				7AD08C8823C2480C008C6EAD /* Forget_Me_Not.xcdatamodeld */,
				7AC3127423C2898E00277699 /* Fonts */,
			);
			path = "Forget-Me-Not";
			sourceTree = "<group>";
		};
		7AD08C9823C24811008C6EAD /* Forget-Me-NotUITests */ = {
			isa = PBXGroup;
			children = (
				7AD08C9923C24811008C6EAD /* Forget_Me_NotUITests.swift */,
				7AD08C9B23C24811008C6EAD /* Info.plist */,
			);
			path = "Forget-Me-NotUITests";
			sourceTree = "<group>";
		};
/* End PBXGroup section */

/* Begin PBXNativeTarget section */
		7AD08C7923C2480C008C6EAD /* Forget-Me-Not */ = {
			isa = PBXNativeTarget;
			buildConfigurationList = 7AD08C9E23C24811008C6EAD /* Build configuration list for PBXNativeTarget "Forget-Me-Not" */;
			buildPhases = (
				7AD08C7623C2480C008C6EAD /* Sources */,
				7AD08C7723C2480C008C6EAD /* Frameworks */,
				7AD08C7823C2480C008C6EAD /* Resources */,
			);
			buildRules = (
			);
			dependencies = (
			);
			name = "Forget-Me-Not";
			productName = "Forget-Me-Not";
			productReference = 7AD08C7A23C2480C008C6EAD /* Forget-Me-Not.app */;
			productType = "com.apple.product-type.application";
		};
		7AD08C9423C24811008C6EAD /* Forget-Me-NotUITests */ = {
			isa = PBXNativeTarget;
			buildConfigurationList = 7AD08CA123C24811008C6EAD /* Build configuration list for PBXNativeTarget "Forget-Me-NotUITests" */;
			buildPhases = (
				7AD08C9123C24811008C6EAD /* Sources */,
				7AD08C9223C24811008C6EAD /* Frameworks */,
				7AD08C9323C24811008C6EAD /* Resources */,
			);
			buildRules = (
			);
			dependencies = (
				7AD08C9723C24811008C6EAD /* PBXTargetDependency */,
			);
			name = "Forget-Me-NotUITests";
			productName = "Forget-Me-NotUITests";
			productReference = 7AD08C9523C24811008C6EAD /* Forget-Me-NotUITests.xctest */;
			productType = "com.apple.product-type.bundle.ui-testing";
		};
/* End PBXNativeTarget section */

/* Begin PBXProject section */
		7AD08C7223C2480C008C6EAD /* Project object */ = {
			isa = PBXProject;
			attributes = {
				LastSwiftUpdateCheck = 1130;
				LastUpgradeCheck = 1130;
				ORGANIZATIONNAME = Appollo;
				TargetAttributes = {
					7AD08C7923C2480C008C6EAD = {
						CreatedOnToolsVersion = 11.3;
					};
					7AD08C9423C24811008C6EAD = {
						CreatedOnToolsVersion = 11.3;
						TestTargetID = 7AD08C7923C2480C008C6EAD;
					};
				};
			};
			buildConfigurationList = 7AD08C7523C2480C008C6EAD /* Build configuration list for PBXProject "Forget-Me-Not" */;
			compatibilityVersion = "Xcode 9.3";
			developmentRegion = en;
			hasScannedForEncodings = 0;
			knownRegions = (
				en,
				Base,
			);
			mainGroup = 7AD08C7123C2480C008C6EAD;
			productRefGroup = 7AD08C7B23C2480C008C6EAD /* Products */;
			projectDirPath = "";
			projectRoot = "";
			targets = (
				7AD08C7923C2480C008C6EAD /* Forget-Me-Not */,
				7AD08C9423C24811008C6EAD /* Forget-Me-NotUITests */,
			);
		};
/* End PBXProject section */

/* Begin PBXResourcesBuildPhase section */
		7AD08C7823C2480C008C6EAD /* Resources */ = {
			isa = PBXResourcesBuildPhase;
			buildActionMask = 2147483647;
			files = (
				7AC3127823C28A4A00277699 /* Rubik-BoldItalic.ttf in Resources */,
				7AC3128423C2E40400277699 /* ActivitiesViewController.xib in Resources */,
				7AC3127C23C28A5500277699 /* Rubik-Regular.ttf in Resources */,
				7AD08C8F23C24811008C6EAD /* LaunchScreen.storyboard in Resources */,
				7AC3127B23C28A5500277699 /* Rubik-Italic.ttf in Resources */,
				7AC3127723C28A4A00277699 /* Rubik-Bold.ttf in Resources */,
				7AD08C8C23C24811008C6EAD /* Assets.xcassets in Resources */,
				7AD08C8723C2480C008C6EAD /* Main.storyboard in Resources */,
			);
			runOnlyForDeploymentPostprocessing = 0;
		};
		7AD08C9323C24811008C6EAD /* Resources */ = {
			isa = PBXResourcesBuildPhase;
			buildActionMask = 2147483647;
			files = (
			);
			runOnlyForDeploymentPostprocessing = 0;
		};
/* End PBXResourcesBuildPhase section */

/* Begin PBXSourcesBuildPhase section */
		7AD08C7623C2480C008C6EAD /* Sources */ = {
			isa = PBXSourcesBuildPhase;
			buildActionMask = 2147483647;
			files = (
				07D14A4C23C929DF00AF96D6 /* DisplayActivityViewController.swift in Sources */,
				7AC3127E23C2B6DF00277699 /* JournalViewController.swift in Sources */,
				7AC3128323C2E40400277699 /* ActivitiesViewController.swift in Sources */,
				7AD08C8A23C2480C008C6EAD /* Forget_Me_Not.xcdatamodeld in Sources */,
				7AD08CA523C24A08008C6EAD /* DashboardViewController.swift in Sources */,
				07D14A4A23C906D600AF96D6 /* ActivityCell.swift in Sources */,
				7AD08C7E23C2480C008C6EAD /* AppDelegate.swift in Sources */,
				7AD08C8023C2480C008C6EAD /* SceneDelegate.swift in Sources */,
			);
			runOnlyForDeploymentPostprocessing = 0;
		};
		7AD08C9123C24811008C6EAD /* Sources */ = {
			isa = PBXSourcesBuildPhase;
			buildActionMask = 2147483647;
			files = (
				7AD08C9A23C24811008C6EAD /* Forget_Me_NotUITests.swift in Sources */,
			);
			runOnlyForDeploymentPostprocessing = 0;
		};
/* End PBXSourcesBuildPhase section */

/* Begin PBXTargetDependency section */
		7AD08C9723C24811008C6EAD /* PBXTargetDependency */ = {
			isa = PBXTargetDependency;
			target = 7AD08C7923C2480C008C6EAD /* Forget-Me-Not */;
			targetProxy = 7AD08C9623C24811008C6EAD /* PBXContainerItemProxy */;
		};
/* End PBXTargetDependency section */

/* Begin PBXVariantGroup section */
		7AD08C8523C2480C008C6EAD /* Main.storyboard */ = {
			isa = PBXVariantGroup;
			children = (
				7AD08C8623C2480C008C6EAD /* Base */,
			);
			name = Main.storyboard;
			sourceTree = "<group>";
		};
		7AD08C8D23C24811008C6EAD /* LaunchScreen.storyboard */ = {
			isa = PBXVariantGroup;
			children = (
				7AD08C8E23C24811008C6EAD /* Base */,
			);
			name = LaunchScreen.storyboard;
			sourceTree = "<group>";
		};
/* End PBXVariantGroup section */

/* Begin XCBuildConfiguration section */
		7AD08C9C23C24811008C6EAD /* Debug */ = {
			isa = XCBuildConfiguration;
			buildSettings = {
				ALWAYS_SEARCH_USER_PATHS = NO;
				CLANG_ANALYZER_NONNULL = YES;
				CLANG_ANALYZER_NUMBER_OBJECT_CONVERSION = YES_AGGRESSIVE;
				CLANG_CXX_LANGUAGE_STANDARD = "gnu++14";
				CLANG_CXX_LIBRARY = "libc++";
				CLANG_ENABLE_MODULES = YES;
				CLANG_ENABLE_OBJC_ARC = YES;
				CLANG_ENABLE_OBJC_WEAK = YES;
				CLANG_WARN_BLOCK_CAPTURE_AUTORELEASING = YES;
				CLANG_WARN_BOOL_CONVERSION = YES;
				CLANG_WARN_COMMA = YES;
				CLANG_WARN_CONSTANT_CONVERSION = YES;
				CLANG_WARN_DEPRECATED_OBJC_IMPLEMENTATIONS = YES;
				CLANG_WARN_DIRECT_OBJC_ISA_USAGE = YES_ERROR;
				CLANG_WARN_DOCUMENTATION_COMMENTS = YES;
				CLANG_WARN_EMPTY_BODY = YES;
				CLANG_WARN_ENUM_CONVERSION = YES;
				CLANG_WARN_INFINITE_RECURSION = YES;
				CLANG_WARN_INT_CONVERSION = YES;
				CLANG_WARN_NON_LITERAL_NULL_CONVERSION = YES;
				CLANG_WARN_OBJC_IMPLICIT_RETAIN_SELF = YES;
				CLANG_WARN_OBJC_LITERAL_CONVERSION = YES;
				CLANG_WARN_OBJC_ROOT_CLASS = YES_ERROR;
				CLANG_WARN_RANGE_LOOP_ANALYSIS = YES;
				CLANG_WARN_STRICT_PROTOTYPES = YES;
				CLANG_WARN_SUSPICIOUS_MOVE = YES;
				CLANG_WARN_UNGUARDED_AVAILABILITY = YES_AGGRESSIVE;
				CLANG_WARN_UNREACHABLE_CODE = YES;
				CLANG_WARN__DUPLICATE_METHOD_MATCH = YES;
				COPY_PHASE_STRIP = NO;
				DEBUG_INFORMATION_FORMAT = dwarf;
				ENABLE_STRICT_OBJC_MSGSEND = YES;
				ENABLE_TESTABILITY = YES;
				GCC_C_LANGUAGE_STANDARD = gnu11;
				GCC_DYNAMIC_NO_PIC = NO;
				GCC_NO_COMMON_BLOCKS = YES;
				GCC_OPTIMIZATION_LEVEL = 0;
				GCC_PREPROCESSOR_DEFINITIONS = (
					"DEBUG=1",
					"$(inherited)",
				);
				GCC_WARN_64_TO_32_BIT_CONVERSION = YES;
				GCC_WARN_ABOUT_RETURN_TYPE = YES_ERROR;
				GCC_WARN_UNDECLARED_SELECTOR = YES;
				GCC_WARN_UNINITIALIZED_AUTOS = YES_AGGRESSIVE;
				GCC_WARN_UNUSED_FUNCTION = YES;
				GCC_WARN_UNUSED_VARIABLE = YES;
				IPHONEOS_DEPLOYMENT_TARGET = 13.2;
				MTL_ENABLE_DEBUG_INFO = INCLUDE_SOURCE;
				MTL_FAST_MATH = YES;
				ONLY_ACTIVE_ARCH = YES;
				SDKROOT = iphoneos;
				SWIFT_ACTIVE_COMPILATION_CONDITIONS = DEBUG;
				SWIFT_OPTIMIZATION_LEVEL = "-Onone";
			};
			name = Debug;
		};
		7AD08C9D23C24811008C6EAD /* Release */ = {
			isa = XCBuildConfiguration;
			buildSettings = {
				ALWAYS_SEARCH_USER_PATHS = NO;
				CLANG_ANALYZER_NONNULL = YES;
				CLANG_ANALYZER_NUMBER_OBJECT_CONVERSION = YES_AGGRESSIVE;
				CLANG_CXX_LANGUAGE_STANDARD = "gnu++14";
				CLANG_CXX_LIBRARY = "libc++";
				CLANG_ENABLE_MODULES = YES;
				CLANG_ENABLE_OBJC_ARC = YES;
				CLANG_ENABLE_OBJC_WEAK = YES;
				CLANG_WARN_BLOCK_CAPTURE_AUTORELEASING = YES;
				CLANG_WARN_BOOL_CONVERSION = YES;
				CLANG_WARN_COMMA = YES;
				CLANG_WARN_CONSTANT_CONVERSION = YES;
				CLANG_WARN_DEPRECATED_OBJC_IMPLEMENTATIONS = YES;
				CLANG_WARN_DIRECT_OBJC_ISA_USAGE = YES_ERROR;
				CLANG_WARN_DOCUMENTATION_COMMENTS = YES;
				CLANG_WARN_EMPTY_BODY = YES;
				CLANG_WARN_ENUM_CONVERSION = YES;
				CLANG_WARN_INFINITE_RECURSION = YES;
				CLANG_WARN_INT_CONVERSION = YES;
				CLANG_WARN_NON_LITERAL_NULL_CONVERSION = YES;
				CLANG_WARN_OBJC_IMPLICIT_RETAIN_SELF = YES;
				CLANG_WARN_OBJC_LITERAL_CONVERSION = YES;
				CLANG_WARN_OBJC_ROOT_CLASS = YES_ERROR;
				CLANG_WARN_RANGE_LOOP_ANALYSIS = YES;
				CLANG_WARN_STRICT_PROTOTYPES = YES;
				CLANG_WARN_SUSPICIOUS_MOVE = YES;
				CLANG_WARN_UNGUARDED_AVAILABILITY = YES_AGGRESSIVE;
				CLANG_WARN_UNREACHABLE_CODE = YES;
				CLANG_WARN__DUPLICATE_METHOD_MATCH = YES;
				COPY_PHASE_STRIP = NO;
				DEBUG_INFORMATION_FORMAT = "dwarf-with-dsym";
				ENABLE_NS_ASSERTIONS = NO;
				ENABLE_STRICT_OBJC_MSGSEND = YES;
				GCC_C_LANGUAGE_STANDARD = gnu11;
				GCC_NO_COMMON_BLOCKS = YES;
				GCC_WARN_64_TO_32_BIT_CONVERSION = YES;
				GCC_WARN_ABOUT_RETURN_TYPE = YES_ERROR;
				GCC_WARN_UNDECLARED_SELECTOR = YES;
				GCC_WARN_UNINITIALIZED_AUTOS = YES_AGGRESSIVE;
				GCC_WARN_UNUSED_FUNCTION = YES;
				GCC_WARN_UNUSED_VARIABLE = YES;
				IPHONEOS_DEPLOYMENT_TARGET = 13.2;
				MTL_ENABLE_DEBUG_INFO = NO;
				MTL_FAST_MATH = YES;
				SDKROOT = iphoneos;
				SWIFT_COMPILATION_MODE = wholemodule;
				SWIFT_OPTIMIZATION_LEVEL = "-O";
				VALIDATE_PRODUCT = YES;
			};
			name = Release;
		};
		7AD08C9F23C24811008C6EAD /* Debug */ = {
			isa = XCBuildConfiguration;
			buildSettings = {
				ASSETCATALOG_COMPILER_APPICON_NAME = AppIcon;
				CODE_SIGN_STYLE = Automatic;
				DEVELOPMENT_TEAM = UHT27LF835;
				INFOPLIST_FILE = "Forget-Me-Not/Info.plist";
				IPHONEOS_DEPLOYMENT_TARGET = 13.0;
				LD_RUNPATH_SEARCH_PATHS = (
					"$(inherited)",
					"@executable_path/Frameworks",
				);
				PRODUCT_BUNDLE_IDENTIFIER = "com.Appollo.Forget-Me-Not";
				PRODUCT_NAME = "$(TARGET_NAME)";
				SWIFT_VERSION = 5.0;
				TARGETED_DEVICE_FAMILY = 1;
			};
			name = Debug;
		};
		7AD08CA023C24811008C6EAD /* Release */ = {
			isa = XCBuildConfiguration;
			buildSettings = {
				ASSETCATALOG_COMPILER_APPICON_NAME = AppIcon;
				CODE_SIGN_STYLE = Automatic;
				DEVELOPMENT_TEAM = UHT27LF835;
				INFOPLIST_FILE = "Forget-Me-Not/Info.plist";
				IPHONEOS_DEPLOYMENT_TARGET = 13.0;
				LD_RUNPATH_SEARCH_PATHS = (
					"$(inherited)",
					"@executable_path/Frameworks",
				);
				PRODUCT_BUNDLE_IDENTIFIER = "com.Appollo.Forget-Me-Not";
				PRODUCT_NAME = "$(TARGET_NAME)";
				SWIFT_VERSION = 5.0;
				TARGETED_DEVICE_FAMILY = 1;
			};
			name = Release;
		};
		7AD08CA223C24811008C6EAD /* Debug */ = {
			isa = XCBuildConfiguration;
			buildSettings = {
				ALWAYS_EMBED_SWIFT_STANDARD_LIBRARIES = YES;
				CODE_SIGN_STYLE = Automatic;
				DEVELOPMENT_TEAM = UHT27LF835;
				INFOPLIST_FILE = "Forget-Me-NotUITests/Info.plist";
				LD_RUNPATH_SEARCH_PATHS = (
					"$(inherited)",
					"@executable_path/Frameworks",
					"@loader_path/Frameworks",
				);
				PRODUCT_BUNDLE_IDENTIFIER = "com.Appollo.Forget-Me-NotUITests";
				PRODUCT_NAME = "$(TARGET_NAME)";
				SWIFT_VERSION = 5.0;
				TARGETED_DEVICE_FAMILY = "1,2";
				TEST_TARGET_NAME = "Forget-Me-Not";
			};
			name = Debug;
		};
		7AD08CA323C24811008C6EAD /* Release */ = {
			isa = XCBuildConfiguration;
			buildSettings = {
				ALWAYS_EMBED_SWIFT_STANDARD_LIBRARIES = YES;
				CODE_SIGN_STYLE = Automatic;
				DEVELOPMENT_TEAM = UHT27LF835;
				INFOPLIST_FILE = "Forget-Me-NotUITests/Info.plist";
				LD_RUNPATH_SEARCH_PATHS = (
					"$(inherited)",
					"@executable_path/Frameworks",
					"@loader_path/Frameworks",
				);
				PRODUCT_BUNDLE_IDENTIFIER = "com.Appollo.Forget-Me-NotUITests";
				PRODUCT_NAME = "$(TARGET_NAME)";
				SWIFT_VERSION = 5.0;
				TARGETED_DEVICE_FAMILY = "1,2";
				TEST_TARGET_NAME = "Forget-Me-Not";
			};
			name = Release;
		};
/* End XCBuildConfiguration section */

/* Begin XCConfigurationList section */
		7AD08C7523C2480C008C6EAD /* Build configuration list for PBXProject "Forget-Me-Not" */ = {
			isa = XCConfigurationList;
			buildConfigurations = (
				7AD08C9C23C24811008C6EAD /* Debug */,
				7AD08C9D23C24811008C6EAD /* Release */,
			);
			defaultConfigurationIsVisible = 0;
			defaultConfigurationName = Release;
		};
		7AD08C9E23C24811008C6EAD /* Build configuration list for PBXNativeTarget "Forget-Me-Not" */ = {
			isa = XCConfigurationList;
			buildConfigurations = (
				7AD08C9F23C24811008C6EAD /* Debug */,
				7AD08CA023C24811008C6EAD /* Release */,
			);
			defaultConfigurationIsVisible = 0;
			defaultConfigurationName = Release;
		};
		7AD08CA123C24811008C6EAD /* Build configuration list for PBXNativeTarget "Forget-Me-NotUITests" */ = {
			isa = XCConfigurationList;
			buildConfigurations = (
				7AD08CA223C24811008C6EAD /* Debug */,
				7AD08CA323C24811008C6EAD /* Release */,
			);
			defaultConfigurationIsVisible = 0;
			defaultConfigurationName = Release;
		};
/* End XCConfigurationList section */

/* Begin XCVersionGroup section */
		7AD08C8823C2480C008C6EAD /* Forget_Me_Not.xcdatamodeld */ = {
			isa = XCVersionGroup;
			children = (
				7AD08C8923C2480C008C6EAD /* Forget_Me_Not.xcdatamodel */,
			);
			currentVersion = 7AD08C8923C2480C008C6EAD /* Forget_Me_Not.xcdatamodel */;
			path = Forget_Me_Not.xcdatamodeld;
			sourceTree = "<group>";
			versionGroupType = wrapper.xcdatamodel;
		};
/* End XCVersionGroup section */
	};
	rootObject = 7AD08C7223C2480C008C6EAD /* Project object */;
}
