// !$*UTF8*$!
{
	archiveVersion = 1;
	classes = {
	};
	objectVersion = 50;
	objects = {

/* Begin PBXBuildFile section */
		03B0D36C2378A885001439FF /* AppDelegate.swift in Sources */ = {isa = PBXBuildFile; fileRef = 03B0D36B2378A885001439FF /* AppDelegate.swift */; };
		03B0D36E2378A885001439FF /* SceneDelegate.swift in Sources */ = {isa = PBXBuildFile; fileRef = 03B0D36D2378A885001439FF /* SceneDelegate.swift */; };
		03B0D3702378A885001439FF /* ContentView.swift in Sources */ = {isa = PBXBuildFile; fileRef = 03B0D36F2378A885001439FF /* ContentView.swift */; };
		03B0D3722378A886001439FF /* Assets.xcassets in Resources */ = {isa = PBXBuildFile; fileRef = 03B0D3712378A886001439FF /* Assets.xcassets */; };
		03B0D3752378A886001439FF /* Preview Assets.xcassets in Resources */ = {isa = PBXBuildFile; fileRef = 03B0D3742378A886001439FF /* Preview Assets.xcassets */; };
		03B0D3782378A886001439FF /* LaunchScreen.storyboard in Resources */ = {isa = PBXBuildFile; fileRef = 03B0D3762378A886001439FF /* LaunchScreen.storyboard */; };
		03B0D3832378A886001439FF /* forget_me_notUITests.swift in Sources */ = {isa = PBXBuildFile; fileRef = 03B0D3822378A886001439FF /* forget_me_notUITests.swift */; };
/* End PBXBuildFile section */

/* Begin PBXContainerItemProxy section */
		03B0D37F2378A886001439FF /* PBXContainerItemProxy */ = {
			isa = PBXContainerItemProxy;
			containerPortal = 03B0D3602378A885001439FF /* Project object */;
			proxyType = 1;
			remoteGlobalIDString = 03B0D3672378A885001439FF;
			remoteInfo = "forget-me-not";
		};
/* End PBXContainerItemProxy section */

/* Begin PBXFileReference section */
		03B0D3682378A885001439FF /* forget-me-not.app */ = {isa = PBXFileReference; explicitFileType = wrapper.application; includeInIndex = 0; path = "forget-me-not.app"; sourceTree = BUILT_PRODUCTS_DIR; };
		03B0D36B2378A885001439FF /* AppDelegate.swift */ = {isa = PBXFileReference; lastKnownFileType = sourcecode.swift; path = AppDelegate.swift; sourceTree = "<group>"; };
		03B0D36D2378A885001439FF /* SceneDelegate.swift */ = {isa = PBXFileReference; lastKnownFileType = sourcecode.swift; path = SceneDelegate.swift; sourceTree = "<group>"; };
		03B0D36F2378A885001439FF /* ContentView.swift */ = {isa = PBXFileReference; lastKnownFileType = sourcecode.swift; path = ContentView.swift; sourceTree = "<group>"; };
		03B0D3712378A886001439FF /* Assets.xcassets */ = {isa = PBXFileReference; lastKnownFileType = folder.assetcatalog; path = Assets.xcassets; sourceTree = "<group>"; };
		03B0D3742378A886001439FF /* Preview Assets.xcassets */ = {isa = PBXFileReference; lastKnownFileType = folder.assetcatalog; path = "Preview Assets.xcassets"; sourceTree = "<group>"; };
		03B0D3772378A886001439FF /* Base */ = {isa = PBXFileReference; lastKnownFileType = file.storyboard; name = Base; path = Base.lproj/LaunchScreen.storyboard; sourceTree = "<group>"; };
		03B0D3792378A886001439FF /* Info.plist */ = {isa = PBXFileReference; lastKnownFileType = text.plist.xml; path = Info.plist; sourceTree = "<group>"; };
		03B0D37E2378A886001439FF /* forget-me-notUITests.xctest */ = {isa = PBXFileReference; explicitFileType = wrapper.cfbundle; includeInIndex = 0; path = "forget-me-notUITests.xctest"; sourceTree = BUILT_PRODUCTS_DIR; };
		03B0D3822378A886001439FF /* forget_me_notUITests.swift */ = {isa = PBXFileReference; lastKnownFileType = sourcecode.swift; path = forget_me_notUITests.swift; sourceTree = "<group>"; };
		03B0D3842378A886001439FF /* Info.plist */ = {isa = PBXFileReference; lastKnownFileType = text.plist.xml; path = Info.plist; sourceTree = "<group>"; };
/* End PBXFileReference section */

/* Begin PBXFrameworksBuildPhase section */
		03B0D3652378A885001439FF /* Frameworks */ = {
			isa = PBXFrameworksBuildPhase;
			buildActionMask = 2147483647;
			files = (
			);
			runOnlyForDeploymentPostprocessing = 0;
		};
		03B0D37B2378A886001439FF /* Frameworks */ = {
			isa = PBXFrameworksBuildPhase;
			buildActionMask = 2147483647;
			files = (
			);
			runOnlyForDeploymentPostprocessing = 0;
		};
/* End PBXFrameworksBuildPhase section */

/* Begin PBXGroup section */
		03B0D35F2378A885001439FF = {
			isa = PBXGroup;
			children = (
				03B0D36A2378A885001439FF /* forget-me-not */,
				03B0D3812378A886001439FF /* forget-me-notUITests */,
				03B0D3692378A885001439FF /* Products */,
			);
			sourceTree = "<group>";
		};
		03B0D3692378A885001439FF /* Products */ = {
			isa = PBXGroup;
			children = (
				03B0D3682378A885001439FF /* forget-me-not.app */,
				03B0D37E2378A886001439FF /* forget-me-notUITests.xctest */,
			);
			name = Products;
			sourceTree = "<group>";
		};
		03B0D36A2378A885001439FF /* forget-me-not */ = {
			isa = PBXGroup;
			children = (
				03B0D36B2378A885001439FF /* AppDelegate.swift */,
				03B0D36D2378A885001439FF /* SceneDelegate.swift */,
				03B0D36F2378A885001439FF /* ContentView.swift */,
				03B0D3712378A886001439FF /* Assets.xcassets */,
				03B0D3762378A886001439FF /* LaunchScreen.storyboard */,
				03B0D3792378A886001439FF /* Info.plist */,
				03B0D3732378A886001439FF /* Preview Content */,
			);
			path = "forget-me-not";
			sourceTree = "<group>";
		};
		03B0D3732378A886001439FF /* Preview Content */ = {
			isa = PBXGroup;
			children = (
				03B0D3742378A886001439FF /* Preview Assets.xcassets */,
			);
			path = "Preview Content";
			sourceTree = "<group>";
		};
		03B0D3812378A886001439FF /* forget-me-notUITests */ = {
			isa = PBXGroup;
			children = (
				03B0D3822378A886001439FF /* forget_me_notUITests.swift */,
				03B0D3842378A886001439FF /* Info.plist */,
			);
			path = "forget-me-notUITests";
			sourceTree = "<group>";
		};
/* End PBXGroup section */

/* Begin PBXNativeTarget section */
		03B0D3672378A885001439FF /* forget-me-not */ = {
			isa = PBXNativeTarget;
			buildConfigurationList = 03B0D3872378A886001439FF /* Build configuration list for PBXNativeTarget "forget-me-not" */;
			buildPhases = (
				03B0D3642378A885001439FF /* Sources */,
				03B0D3652378A885001439FF /* Frameworks */,
				03B0D3662378A885001439FF /* Resources */,
			);
			buildRules = (
			);
			dependencies = (
			);
			name = "forget-me-not";
			productName = "forget-me-not";
			productReference = 03B0D3682378A885001439FF /* forget-me-not.app */;
			productType = "com.apple.product-type.application";
		};
		03B0D37D2378A886001439FF /* forget-me-notUITests */ = {
			isa = PBXNativeTarget;
			buildConfigurationList = 03B0D38A2378A886001439FF /* Build configuration list for PBXNativeTarget "forget-me-notUITests" */;
			buildPhases = (
				03B0D37A2378A886001439FF /* Sources */,
				03B0D37B2378A886001439FF /* Frameworks */,
				03B0D37C2378A886001439FF /* Resources */,
			);
			buildRules = (
			);
			dependencies = (
				03B0D3802378A886001439FF /* PBXTargetDependency */,
			);
			name = "forget-me-notUITests";
			productName = "forget-me-notUITests";
			productReference = 03B0D37E2378A886001439FF /* forget-me-notUITests.xctest */;
			productType = "com.apple.product-type.bundle.ui-testing";
		};
/* End PBXNativeTarget section */

/* Begin PBXProject section */
		03B0D3602378A885001439FF /* Project object */ = {
			isa = PBXProject;
			attributes = {
				LastSwiftUpdateCheck = 1100;
				LastUpgradeCheck = 1100;
				ORGANIZATIONNAME = Appollo;
				TargetAttributes = {
					03B0D3672378A885001439FF = {
						CreatedOnToolsVersion = 11.0;
					};
					03B0D37D2378A886001439FF = {
						CreatedOnToolsVersion = 11.0;
						TestTargetID = 03B0D3672378A885001439FF;
					};
				};
			};
			buildConfigurationList = 03B0D3632378A885001439FF /* Build configuration list for PBXProject "forget-me-not" */;
			compatibilityVersion = "Xcode 9.3";
			developmentRegion = en;
			hasScannedForEncodings = 0;
			knownRegions = (
				en,
				Base,
			);
			mainGroup = 03B0D35F2378A885001439FF;
			productRefGroup = 03B0D3692378A885001439FF /* Products */;
			projectDirPath = "";
			projectRoot = "";
			targets = (
				03B0D3672378A885001439FF /* forget-me-not */,
				03B0D37D2378A886001439FF /* forget-me-notUITests */,
			);
		};
/* End PBXProject section */

/* Begin PBXResourcesBuildPhase section */
		03B0D3662378A885001439FF /* Resources */ = {
			isa = PBXResourcesBuildPhase;
			buildActionMask = 2147483647;
			files = (
				03B0D3782378A886001439FF /* LaunchScreen.storyboard in Resources */,
				03B0D3752378A886001439FF /* Preview Assets.xcassets in Resources */,
				03B0D3722378A886001439FF /* Assets.xcassets in Resources */,
			);
			runOnlyForDeploymentPostprocessing = 0;
		};
		03B0D37C2378A886001439FF /* Resources */ = {
			isa = PBXResourcesBuildPhase;
			buildActionMask = 2147483647;
			files = (
			);
			runOnlyForDeploymentPostprocessing = 0;
		};
/* End PBXResourcesBuildPhase section */

/* Begin PBXSourcesBuildPhase section */
		03B0D3642378A885001439FF /* Sources */ = {
			isa = PBXSourcesBuildPhase;
			buildActionMask = 2147483647;
			files = (
				03B0D36C2378A885001439FF /* AppDelegate.swift in Sources */,
				03B0D36E2378A885001439FF /* SceneDelegate.swift in Sources */,
				03B0D3702378A885001439FF /* ContentView.swift in Sources */,
			);
			runOnlyForDeploymentPostprocessing = 0;
		};
		03B0D37A2378A886001439FF /* Sources */ = {
			isa = PBXSourcesBuildPhase;
			buildActionMask = 2147483647;
			files = (
				03B0D3832378A886001439FF /* forget_me_notUITests.swift in Sources */,
			);
			runOnlyForDeploymentPostprocessing = 0;
		};
/* End PBXSourcesBuildPhase section */

/* Begin PBXTargetDependency section */
		03B0D3802378A886001439FF /* PBXTargetDependency */ = {
			isa = PBXTargetDependency;
			target = 03B0D3672378A885001439FF /* forget-me-not */;
			targetProxy = 03B0D37F2378A886001439FF /* PBXContainerItemProxy */;
		};
/* End PBXTargetDependency section */

/* Begin PBXVariantGroup section */
		03B0D3762378A886001439FF /* LaunchScreen.storyboard */ = {
			isa = PBXVariantGroup;
			children = (
				03B0D3772378A886001439FF /* Base */,
			);
			name = LaunchScreen.storyboard;
			sourceTree = "<group>";
		};
/* End PBXVariantGroup section */

/* Begin XCBuildConfiguration section */
		03B0D3852378A886001439FF /* Debug */ = {
			isa = XCBuildConfiguration;
			buildSettings = {
				ALWAYS_SEARCH_USER_PATHS = NO;
				CLANG_ANALYZER_NONNULL = YES;
				CLANG_ANALYZER_NUMBER_OBJECT_CONVERSION = YES_AGGRESSIVE;
				CLANG_CXX_LANGUAGE_STANDARD = "gnu++14";
				CLANG_CXX_LIBRARY = "libc++";
				CLANG_ENABLE_MODULES = YES;
				CLANG_ENABLE_OBJC_ARC = YES;
				CLANG_ENABLE_OBJC_WEAK = YES;
				CLANG_WARN_BLOCK_CAPTURE_AUTORELEASING = YES;
				CLANG_WARN_BOOL_CONVERSION = YES;
				CLANG_WARN_COMMA = YES;
				CLANG_WARN_CONSTANT_CONVERSION = YES;
				CLANG_WARN_DEPRECATED_OBJC_IMPLEMENTATIONS = YES;
				CLANG_WARN_DIRECT_OBJC_ISA_USAGE = YES_ERROR;
				CLANG_WARN_DOCUMENTATION_COMMENTS = YES;
				CLANG_WARN_EMPTY_BODY = YES;
				CLANG_WARN_ENUM_CONVERSION = YES;
				CLANG_WARN_INFINITE_RECURSION = YES;
				CLANG_WARN_INT_CONVERSION = YES;
				CLANG_WARN_NON_LITERAL_NULL_CONVERSION = YES;
				CLANG_WARN_OBJC_IMPLICIT_RETAIN_SELF = YES;
				CLANG_WARN_OBJC_LITERAL_CONVERSION = YES;
				CLANG_WARN_OBJC_ROOT_CLASS = YES_ERROR;
				CLANG_WARN_RANGE_LOOP_ANALYSIS = YES;
				CLANG_WARN_STRICT_PROTOTYPES = YES;
				CLANG_WARN_SUSPICIOUS_MOVE = YES;
				CLANG_WARN_UNGUARDED_AVAILABILITY = YES_AGGRESSIVE;
				CLANG_WARN_UNREACHABLE_CODE = YES;
				CLANG_WARN__DUPLICATE_METHOD_MATCH = YES;
				COPY_PHASE_STRIP = NO;
				DEBUG_INFORMATION_FORMAT = dwarf;
				ENABLE_STRICT_OBJC_MSGSEND = YES;
				ENABLE_TESTABILITY = YES;
				GCC_C_LANGUAGE_STANDARD = gnu11;
				GCC_DYNAMIC_NO_PIC = NO;
				GCC_NO_COMMON_BLOCKS = YES;
				GCC_OPTIMIZATION_LEVEL = 0;
				GCC_PREPROCESSOR_DEFINITIONS = (
					"DEBUG=1",
					"$(inherited)",
				);
				GCC_WARN_64_TO_32_BIT_CONVERSION = YES;
				GCC_WARN_ABOUT_RETURN_TYPE = YES_ERROR;
				GCC_WARN_UNDECLARED_SELECTOR = YES;
				GCC_WARN_UNINITIALIZED_AUTOS = YES_AGGRESSIVE;
				GCC_WARN_UNUSED_FUNCTION = YES;
				GCC_WARN_UNUSED_VARIABLE = YES;
				IPHONEOS_DEPLOYMENT_TARGET = 13.0;
				MTL_ENABLE_DEBUG_INFO = INCLUDE_SOURCE;
				MTL_FAST_MATH = YES;
				ONLY_ACTIVE_ARCH = YES;
				SDKROOT = iphoneos;
				SWIFT_ACTIVE_COMPILATION_CONDITIONS = DEBUG;
				SWIFT_OPTIMIZATION_LEVEL = "-Onone";
			};
			name = Debug;
		};
		03B0D3862378A886001439FF /* Release */ = {
			isa = XCBuildConfiguration;
			buildSettings = {
				ALWAYS_SEARCH_USER_PATHS = NO;
				CLANG_ANALYZER_NONNULL = YES;
				CLANG_ANALYZER_NUMBER_OBJECT_CONVERSION = YES_AGGRESSIVE;
				CLANG_CXX_LANGUAGE_STANDARD = "gnu++14";
				CLANG_CXX_LIBRARY = "libc++";
				CLANG_ENABLE_MODULES = YES;
				CLANG_ENABLE_OBJC_ARC = YES;
				CLANG_ENABLE_OBJC_WEAK = YES;
				CLANG_WARN_BLOCK_CAPTURE_AUTORELEASING = YES;
				CLANG_WARN_BOOL_CONVERSION = YES;
				CLANG_WARN_COMMA = YES;
				CLANG_WARN_CONSTANT_CONVERSION = YES;
				CLANG_WARN_DEPRECATED_OBJC_IMPLEMENTATIONS = YES;
				CLANG_WARN_DIRECT_OBJC_ISA_USAGE = YES_ERROR;
				CLANG_WARN_DOCUMENTATION_COMMENTS = YES;
				CLANG_WARN_EMPTY_BODY = YES;
				CLANG_WARN_ENUM_CONVERSION = YES;
				CLANG_WARN_INFINITE_RECURSION = YES;
				CLANG_WARN_INT_CONVERSION = YES;
				CLANG_WARN_NON_LITERAL_NULL_CONVERSION = YES;
				CLANG_WARN_OBJC_IMPLICIT_RETAIN_SELF = YES;
				CLANG_WARN_OBJC_LITERAL_CONVERSION = YES;
				CLANG_WARN_OBJC_ROOT_CLASS = YES_ERROR;
				CLANG_WARN_RANGE_LOOP_ANALYSIS = YES;
				CLANG_WARN_STRICT_PROTOTYPES = YES;
				CLANG_WARN_SUSPICIOUS_MOVE = YES;
				CLANG_WARN_UNGUARDED_AVAILABILITY = YES_AGGRESSIVE;
				CLANG_WARN_UNREACHABLE_CODE = YES;
				CLANG_WARN__DUPLICATE_METHOD_MATCH = YES;
				COPY_PHASE_STRIP = NO;
				DEBUG_INFORMATION_FORMAT = "dwarf-with-dsym";
				ENABLE_NS_ASSERTIONS = NO;
				ENABLE_STRICT_OBJC_MSGSEND = YES;
				GCC_C_LANGUAGE_STANDARD = gnu11;
				GCC_NO_COMMON_BLOCKS = YES;
				GCC_WARN_64_TO_32_BIT_CONVERSION = YES;
				GCC_WARN_ABOUT_RETURN_TYPE = YES_ERROR;
				GCC_WARN_UNDECLARED_SELECTOR = YES;
				GCC_WARN_UNINITIALIZED_AUTOS = YES_AGGRESSIVE;
				GCC_WARN_UNUSED_FUNCTION = YES;
				GCC_WARN_UNUSED_VARIABLE = YES;
				IPHONEOS_DEPLOYMENT_TARGET = 13.0;
				MTL_ENABLE_DEBUG_INFO = NO;
				MTL_FAST_MATH = YES;
				SDKROOT = iphoneos;
				SWIFT_COMPILATION_MODE = wholemodule;
				SWIFT_OPTIMIZATION_LEVEL = "-O";
				VALIDATE_PRODUCT = YES;
			};
			name = Release;
		};
		03B0D3882378A886001439FF /* Debug */ = {
			isa = XCBuildConfiguration;
			buildSettings = {
				ASSETCATALOG_COMPILER_APPICON_NAME = AppIcon;
				CODE_SIGN_STYLE = Automatic;
				DEVELOPMENT_ASSET_PATHS = "\"forget-me-not/Preview Content\"";
				DEVELOPMENT_TEAM = 84ACB5QJ96;
				ENABLE_PREVIEWS = YES;
				INFOPLIST_FILE = "forget-me-not/Info.plist";
				LD_RUNPATH_SEARCH_PATHS = (
					"$(inherited)",
					"@executable_path/Frameworks",
				);
				PRODUCT_BUNDLE_IDENTIFIER = "com.drift.forget-me-not";
				PRODUCT_NAME = "$(TARGET_NAME)";
				SWIFT_VERSION = 5.0;
				TARGETED_DEVICE_FAMILY = "1,2";
			};
			name = Debug;
		};
		03B0D3892378A886001439FF /* Release */ = {
			isa = XCBuildConfiguration;
			buildSettings = {
				ASSETCATALOG_COMPILER_APPICON_NAME = AppIcon;
				CODE_SIGN_STYLE = Automatic;
				DEVELOPMENT_ASSET_PATHS = "\"forget-me-not/Preview Content\"";
				DEVELOPMENT_TEAM = 84ACB5QJ96;
				ENABLE_PREVIEWS = YES;
				INFOPLIST_FILE = "forget-me-not/Info.plist";
				LD_RUNPATH_SEARCH_PATHS = (
					"$(inherited)",
					"@executable_path/Frameworks",
				);
				PRODUCT_BUNDLE_IDENTIFIER = "com.drift.forget-me-not";
				PRODUCT_NAME = "$(TARGET_NAME)";
				SWIFT_VERSION = 5.0;
				TARGETED_DEVICE_FAMILY = "1,2";
			};
			name = Release;
		};
		03B0D38B2378A886001439FF /* Debug */ = {
			isa = XCBuildConfiguration;
			buildSettings = {
				ALWAYS_EMBED_SWIFT_STANDARD_LIBRARIES = YES;
				CODE_SIGN_STYLE = Automatic;
				DEVELOPMENT_TEAM = 84ACB5QJ96;
				INFOPLIST_FILE = "forget-me-notUITests/Info.plist";
				LD_RUNPATH_SEARCH_PATHS = (
					"$(inherited)",
					"@executable_path/Frameworks",
					"@loader_path/Frameworks",
				);
				PRODUCT_BUNDLE_IDENTIFIER = "com.drift.forget-me-notUITests";
				PRODUCT_NAME = "$(TARGET_NAME)";
				SWIFT_VERSION = 5.0;
				TARGETED_DEVICE_FAMILY = "1,2";
				TEST_TARGET_NAME = "forget-me-not";
			};
			name = Debug;
		};
		03B0D38C2378A886001439FF /* Release */ = {
			isa = XCBuildConfiguration;
			buildSettings = {
				ALWAYS_EMBED_SWIFT_STANDARD_LIBRARIES = YES;
				CODE_SIGN_STYLE = Automatic;
				DEVELOPMENT_TEAM = 84ACB5QJ96;
				INFOPLIST_FILE = "forget-me-notUITests/Info.plist";
				LD_RUNPATH_SEARCH_PATHS = (
					"$(inherited)",
					"@executable_path/Frameworks",
					"@loader_path/Frameworks",
				);
				PRODUCT_BUNDLE_IDENTIFIER = "com.drift.forget-me-notUITests";
				PRODUCT_NAME = "$(TARGET_NAME)";
				SWIFT_VERSION = 5.0;
				TARGETED_DEVICE_FAMILY = "1,2";
				TEST_TARGET_NAME = "forget-me-not";
			};
			name = Release;
		};
/* End XCBuildConfiguration section */

/* Begin XCConfigurationList section */
		03B0D3632378A885001439FF /* Build configuration list for PBXProject "forget-me-not" */ = {
			isa = XCConfigurationList;
			buildConfigurations = (
				03B0D3852378A886001439FF /* Debug */,
				03B0D3862378A886001439FF /* Release */,
			);
			defaultConfigurationIsVisible = 0;
			defaultConfigurationName = Release;
		};
		03B0D3872378A886001439FF /* Build configuration list for PBXNativeTarget "forget-me-not" */ = {
			isa = XCConfigurationList;
			buildConfigurations = (
				03B0D3882378A886001439FF /* Debug */,
				03B0D3892378A886001439FF /* Release */,
			);
			defaultConfigurationIsVisible = 0;
			defaultConfigurationName = Release;
		};
		03B0D38A2378A886001439FF /* Build configuration list for PBXNativeTarget "forget-me-notUITests" */ = {
			isa = XCConfigurationList;
			buildConfigurations = (
				03B0D38B2378A886001439FF /* Debug */,
				03B0D38C2378A886001439FF /* Release */,
			);
			defaultConfigurationIsVisible = 0;
			defaultConfigurationName = Release;
		};
/* End XCConfigurationList section */
	};
	rootObject = 03B0D3602378A885001439FF /* Project object */;
}
